
Microsoft Visual Studio Solution File, Format Version 12.00
# Visual Studio Version 17
VisualStudioVersion = 17.0.32126.317
MinimumVisualStudioVersion = 10.0.40219.1
Project("{8BC9CEB8-8B4A-11D0-8D11-00A0C91BC942}") = "DX_3DGame", "DX_3DGame.vcxproj", "{F41BAB31-54B1-4B41-B64D-DCDBAA94C391}"
EndProject
Global
	GlobalSection(SolutionConfigurationPlatforms) = preSolution
		Debug|x64 = Debug|x64
		Debug|x86 = Debug|x86
		Release|x64 = Release|x64
		Release|x86 = Release|x86
	EndGlobalSection
	GlobalSection(ProjectConfigurationPlatforms) = postSolution
		{F41BAB31-54B1-4B41-B64D-DCDBAA94C391}.Debug|x64.ActiveCfg = Debug|x64
		{F41BAB31-54B1-4B41-B64D-DCDBAA94C391}.Debug|x64.Build.0 = Debug|x64
		{F41BAB31-54B1-4B41-B64D-DCDBAA94C391}.Debug|x86.ActiveCfg = Debug|Win32
		{F41BAB31-54B1-4B41-B64D-DCDBAA94C391}.Debug|x86.Build.0 = Debug|Win32
		{F41BAB31-54B1-4B41-B64D-DCDBAA94C391}.Release|x64.ActiveCfg = Release|x64
		{F41BAB31-54B1-4B41-B64D-DCDBAA94C391}.Release|x64.Build.0 = Release|x64
		{F41BAB31-54B1-4B41-B64D-DCDBAA94C391}.Release|x86.ActiveCfg = Release|Win32
		{F41BAB31-54B1-4B41-B64D-DCDBAA94C391}.Release|x86.Build.0 = Release|Win32
	EndGlobalSection
	GlobalSection(SolutionProperties) = preSolution
		HideSolutionNode = FALSE
	EndGlobalSection
	GlobalSection(ExtensibilityGlobals) = postSolution
		SolutionGuid = {F0D3D00A-F00B-41AD-AB2A-E0823E1D0944}
	EndGlobalSection
EndGlobal
